
Microsoft Visual Studio Solution File, Format Version 12.00
# Visual Studio Version 17
VisualStudioVersion = 17.13.35919.96 d17.13
MinimumVisualStudioVersion = 10.0.40219.1
Project("{FAE04EC0-301F-11D3-BF4B-00C04F79EFBC}") = "New_test", "New_test\New_test.csproj", "{CF031220-DA48-45BA-B4FF-2E0751809458}"
EndProject
Global
	GlobalSection(SolutionConfigurationPlatforms) = preSolution
		Debug|Any CPU = Debug|Any CPU
		Release|Any CPU = Release|Any CPU
	EndGlobalSection
	GlobalSection(ProjectConfigurationPlatforms) = postSolution
		{CF031220-DA48-45BA-B4FF-2E0751809458}.Debug|Any CPU.ActiveCfg = Debug|Any CPU
		{CF031220-DA48-45BA-B4FF-2E0751809458}.Debug|Any CPU.Build.0 = Debug|Any CPU
		{CF031220-DA48-45BA-B4FF-2E0751809458}.Release|Any CPU.ActiveCfg = Release|Any CPU
		{CF031220-DA48-45BA-B4FF-2E0751809458}.Release|Any CPU.Build.0 = Release|Any CPU
	EndGlobalSection
	GlobalSection(SolutionProperties) = preSolution
		HideSolutionNode = FALSE
	EndGlobalSection
	GlobalSection(ExtensibilityGlobals) = postSolution
		SolutionGuid = {19724753-647C-489F-9511-5A6E2DE40663}
	EndGlobalSection
EndGlobal
